
Microsoft Visual Studio Solution File, Format Version 12.00
# Visual Studio Version 16
VisualStudioVersion = 16.0.30907.101
MinimumVisualStudioVersion = 10.0.40219.1
Project("{FAE04EC0-301F-11D3-BF4B-00C04F79EFBC}") = "StudentManagement21A2", "StudentManagement21A2.csproj", "{291C1E5A-097C-4A37-99D6-F07C183A609D}"
EndProject
Global
	GlobalSection(SolutionConfigurationPlatforms) = preSolution
		Debug|Any CPU = Debug|Any CPU
		Release|Any CPU = Release|Any CPU
	EndGlobalSection
	GlobalSection(ProjectConfigurationPlatforms) = postSolution
		{291C1E5A-097C-4A37-99D6-F07C183A609D}.Debug|Any CPU.ActiveCfg = Debug|Any CPU
		{291C1E5A-097C-4A37-99D6-F07C183A609D}.Debug|Any CPU.Build.0 = Debug|Any CPU
		{291C1E5A-097C-4A37-99D6-F07C183A609D}.Release|Any CPU.ActiveCfg = Release|Any CPU
		{291C1E5A-097C-4A37-99D6-F07C183A609D}.Release|Any CPU.Build.0 = Release|Any CPU
	EndGlobalSection
	GlobalSection(SolutionProperties) = preSolution
		HideSolutionNode = FALSE
	EndGlobalSection
	GlobalSection(ExtensibilityGlobals) = postSolution
		SolutionGuid = {C21F7131-828B-4011-957A-47AD3939E316}
	EndGlobalSection
EndGlobal
